{
  "nodes": {
    "flake-compat": {
      "flake": false,
      "locked": {
        "lastModified": 1673956053,
        "narHash": "sha256-4gtG9iQuiKITOjNQQeQIpoIB6b16fm+504Ch3sNKLd8=",
        "owner": "edolstra",
        "repo": "flake-compat",
        "rev": "35bb57c0c8d8b62bbfd284272c928ceb64ddbde9",
        "type": "github"
      },
      "original": {
        "owner": "edolstra",
        "repo": "flake-compat",
        "type": "github"
      }
    },
    "flake-parts": {
      "inputs": {
        "nixpkgs-lib": "nixpkgs-lib"
      },
      "locked": {
        "lastModified": 1673362319,
        "narHash": "sha256-Pjp45Vnj7S/b3BRpZEVfdu8sqqA6nvVjvYu59okhOyI=",
        "owner": "hercules-ci",
        "repo": "flake-parts",
        "rev": "82c16f1682cf50c01cb0280b38a1eed202b3fe9f",
        "type": "github"
      },
      "original": {
        "id": "flake-parts",
        "type": "indirect"
      }
    },
    "flake-utils": {
      "locked": {
        "lastModified": 1667395993,
        "narHash": "sha256-nuEHfE/LcWyuSWnS8t12N1wc105Qtau+/OdUAjtQ0rA=",
        "owner": "numtide",
        "repo": "flake-utils",
        "rev": "5aed5285a952e0b949eb3ba02c12fa4fcfef535f",
        "type": "github"
      },
      "original": {
        "owner": "numtide",
        "repo": "flake-utils",
        "type": "github"
      }
    },
    "home-manager": {
      "inputs": {
        "nixpkgs": [
          "nixpkgs"
        ],
        "utils": "utils"
      },
      "locked": {
        "lastModified": 1674556204,
        "narHash": "sha256-HCRmkZsq01h2Evch08zpgE9jeHdMtGdT1okWotyvuhY=",
        "owner": "nix-community",
        "repo": "home-manager",
        "rev": "c59f0eac51da91c6989fd13a68e156f63c0e60b6",
        "type": "github"
      },
      "original": {
        "owner": "nix-community",
        "repo": "home-manager",
        "type": "github"
      }
    },
    "neovim-flake": {
      "inputs": {
        "flake-utils": "flake-utils",
        "nixpkgs": [
          "neovim-nightly-overlay",
          "nixpkgs"
        ]
      },
      "locked": {
        "dir": "contrib",
        "lastModified": 1674706671,
        "narHash": "sha256-mAHSA81fzjxQqGeTHN/Pc1Zu1KNqb49YA0ltGr58zpc=",
        "owner": "neovim",
        "repo": "neovim",
        "rev": "a0a112515923206b640f0056a8282386b5514978",
        "type": "github"
      },
      "original": {
        "dir": "contrib",
        "owner": "neovim",
        "repo": "neovim",
        "type": "github"
      }
    },
    "neovim-nightly-overlay": {
      "inputs": {
        "flake-compat": "flake-compat",
        "neovim-flake": "neovim-flake",
        "nixpkgs": [
          "nixpkgs-neovim"
        ]
      },
      "locked": {
        "lastModified": 1674723893,
        "narHash": "sha256-mBoT8WstU14vWzGt2N3zyuAzerMwtj9+/hnkEB3wlGQ=",
        "owner": "nix-community",
        "repo": "neovim-nightly-overlay",
        "rev": "daca4b1ca23e945be3824dd59dc030613b7d597b",
        "type": "github"
      },
      "original": {
        "owner": "nix-community",
        "repo": "neovim-nightly-overlay",
        "type": "github"
      }
    },
    "nixos-small": {
      "locked": {
        "lastModified": 1674717189,
        "narHash": "sha256-8N2xC6w8JT50D34jYwwvVM5gSqesrEPDXSnxUo2aQUU=",
        "owner": "NixOS",
        "repo": "nixpkgs",
        "rev": "622d35bf4aeb3cdf2e4e67a2b299c91a19b4f4b1",
        "type": "github"
      },
      "original": {
        "owner": "NixOS",
        "ref": "nixos-unstable-small",
        "repo": "nixpkgs",
        "type": "github"
      }
    },
    "nixpkgs": {
      "locked": {
        "lastModified": 1674459583,
        "narHash": "sha256-L0UZl/u2H3HGsrhN+by42c5kNYeKtdmJiPzIRvEVeiM=",
        "owner": "NixOS",
        "repo": "nixpkgs",
        "rev": "1b1f50645af2a70dc93eae18bfd88d330bfbcf7f",
        "type": "github"
      },
      "original": {
        "owner": "NixOS",
        "ref": "nixos-unstable",
        "repo": "nixpkgs",
        "type": "github"
      }
    },
    "nixpkgs-lib": {
      "locked": {
        "dir": "lib",
        "lastModified": 1672350804,
        "narHash": "sha256-jo6zkiCabUBn3ObuKXHGqqORUMH27gYDIFFfLq5P4wg=",
        "owner": "NixOS",
        "repo": "nixpkgs",
        "rev": "677ed08a50931e38382dbef01cba08a8f7eac8f6",
        "type": "github"
      },
      "original": {
        "dir": "lib",
        "owner": "NixOS",
        "ref": "nixos-unstable",
        "repo": "nixpkgs",
        "type": "github"
      }
    },
    "nixpkgs-neovim": {
      "locked": {
        "lastModified": 1672414655,
        "narHash": "sha256-2F72ALq4wZQJYnHHAdwbkgGS9lu3q+M0ytS94Z+38/k=",
        "owner": "nixos",
        "repo": "nixpkgs",
        "rev": "5d6f45172279af8822d44a4d748de3e3704a770b",
        "type": "github"
      },
      "original": {
        "owner": "nixos",
        "repo": "nixpkgs",
        "rev": "5d6f45172279af8822d44a4d748de3e3704a770b",
        "type": "github"
      }
    },
    "root": {
      "inputs": {
        "flake-parts": "flake-parts",
        "home-manager": "home-manager",
        "neovim-nightly-overlay": "neovim-nightly-overlay",
        "nixos-small": "nixos-small",
        "nixpkgs": "nixpkgs",
        "nixpkgs-neovim": "nixpkgs-neovim"
      }
    },
    "utils": {
      "locked": {
        "lastModified": 1667395993,
        "narHash": "sha256-nuEHfE/LcWyuSWnS8t12N1wc105Qtau+/OdUAjtQ0rA=",
        "owner": "numtide",
        "repo": "flake-utils",
        "rev": "5aed5285a952e0b949eb3ba02c12fa4fcfef535f",
        "type": "github"
      },
      "original": {
        "owner": "numtide",
        "repo": "flake-utils",
        "type": "github"
      }
    }
  },
  "root": "root",
  "version": 7
}
